<?xml version="1.0" encoding="utf-8"?>
<Project ToolsVersion="4.0" xmlns="http://schemas.microsoft.com/developer/msbuild/2003">
  <ItemGroup>
    <Filter Include="Source Files">
      <UniqueIdentifier>{4FC737F1-C7A5-4376-A066-2A32D752A2FF}</UniqueIdentifier>
      <Extensions>cpp;c;cc;cxx;c++;cppm;ixx;def;odl;idl;hpj;bat;asm;asmx</Extensions>
    </Filter>
    <Filter Include="Header Files">
      <UniqueIdentifier>{93995380-89BD-4b04-88EB-625FBE52EBFB}</UniqueIdentifier>
      <Extensions>h;hh;hpp;hxx;h++;hm;inl;inc;ipp;xsd</Extensions>
    </Filter>
    <Filter Include="Resource Files">
      <UniqueIdentifier>{67DA6AB6-F800-4c08-8B7A-83BB121AAD01}</UniqueIdentifier>
      <Extensions>rc;ico;cur;bmp;dlg;rc2;rct;bin;rgs;gif;jpg;jpeg;jpe;resx;tiff;tif;png;wav;mfcribbon-ms</Extensions>
    </Filter>
    <Filter Include="Header Files\utils">
      <UniqueIdentifier>{f384df0f-41ec-4e7d-8f70-7bbf15df69d1}</UniqueIdentifier>
    </Filter>
    <Filter Include="Source Files\utils">
      <UniqueIdentifier>{ae0c6738-0952-4db5-9586-4451700e8033}</UniqueIdentifier>
    </Filter>
    <Filter Include="Source Files\data_adaptor">
      <UniqueIdentifier>{454180ba-1eb6-4ac9-9def-e1f20cb26254}</UniqueIdentifier>
    </Filter>
    <Filter Include="Header Files\data_adaptor">
      <UniqueIdentifier>{a90671c9-427d-42cb-8d82-52ed85e3c69a}</UniqueIdentifier>
    </Filter>
    <Filter Include="Header Files\model_generator">
      <UniqueIdentifier>{0a5b489b-864d-4cbc-89e8-83dbfbc5c5cd}</UniqueIdentifier>
    </Filter>
    <Filter Include="Source Files\model_generator">
      <UniqueIdentifier>{03e08c49-d79c-4f9e-8ff9-29a447779796}</UniqueIdentifier>
    </Filter>
    <Filter Include="Header Files\data_inspector">
      <UniqueIdentifier>{ef46b0be-c9a5-45bc-b9dd-50d0ba5fbfc9}</UniqueIdentifier>
    </Filter>
    <Filter Include="Source Files\data_inspector">
      <UniqueIdentifier>{45a3961b-695e-447a-8498-14e41671e324}</UniqueIdentifier>
    </Filter>
  </ItemGroup>
  <ItemGroup>
    <ClCompile Include="src\inspection_test_main.cpp">
      <Filter>Source Files</Filter>
    </ClCompile>
    <ClCompile Include="..\utils\dirhelper.cpp">
      <Filter>Source Files\utils</Filter>
    </ClCompile>
    <ClCompile Include="..\DataAdaptor\src\data_adaptor.cpp">
      <Filter>Source Files\data_adaptor</Filter>
    </ClCompile>
    <ClCompile Include="..\ModelGenerator\src\ModelGenerator.cpp">
      <Filter>Source Files\model_generator</Filter>
    </ClCompile>
    <ClCompile Include="..\ModelGenerator\src\pixel_conversion.cpp">
      <Filter>Source Files\model_generator</Filter>
    </ClCompile>
    <ClCompile Include="..\utils\cluster.cpp">
      <Filter>Source Files\utils</Filter>
    </ClCompile>
    <ClCompile Include="..\DataInspector\src\data_inspector.cpp">
      <Filter>Source Files\data_inspector</Filter>
    </ClCompile>
    <ClCompile Include="..\utils\config_reader.cpp">
      <Filter>Source Files\utils</Filter>
    </ClCompile>
  </ItemGroup>
  <ItemGroup>
    <ClInclude Include="..\utils\dirhelper.hpp">
      <Filter>Header Files\utils</Filter>
    </ClInclude>
    <ClInclude Include="..\utils\test_dir.hpp">
      <Filter>Header Files\utils</Filter>
    </ClInclude>
    <ClInclude Include="..\DataAdaptor\src\data_adaptor.hpp">
      <Filter>Header Files\data_adaptor</Filter>
    </ClInclude>
    <ClInclude Include="..\ModelGenerator\src\cluster_distance.hpp">
      <Filter>Header Files\model_generator</Filter>
    </ClInclude>
    <ClInclude Include="..\ModelGenerator\src\ModelGenerator.hpp">
      <Filter>Header Files\model_generator</Filter>
    </ClInclude>
    <ClInclude Include="..\ModelGenerator\src\pixel_conversion.hpp">
      <Filter>Header Files\model_generator</Filter>
    </ClInclude>
    <ClInclude Include="..\utils\cluster.hpp">
      <Filter>Header Files\utils</Filter>
    </ClInclude>
    <ClInclude Include="..\utils\cluster_config.hpp">
      <Filter>Header Files\utils</Filter>
    </ClInclude>
    <ClInclude Include="..\utils\ml_class.hpp">
      <Filter>Header Files\utils</Filter>
    </ClInclude>
    <ClInclude Include="..\DataInspector\src\data_inspector.hpp">
      <Filter>Header Files\data_inspector</Filter>
    </ClInclude>
    <ClInclude Include="..\utils\config_reader.hpp">
      <Filter>Header Files\utils</Filter>
    </ClInclude>
  </ItemGroup>
</Project>