<?xml version="1.0" encoding="utf-8"?>
<Project ToolsVersion="4.0" xmlns="http://schemas.microsoft.com/developer/msbuild/2003">
  <ItemGroup>
    <Filter Include="Source Files">
      <UniqueIdentifier>{4FC737F1-C7A5-4376-A066-2A32D752A2FF}</UniqueIdentifier>
      <Extensions>cpp;c;cc;cxx;c++;cppm;ixx;def;odl;idl;hpj;bat;asm;asmx</Extensions>
    </Filter>
    <Filter Include="Header Files">
      <UniqueIdentifier>{93995380-89BD-4b04-88EB-625FBE52EBFB}</UniqueIdentifier>
      <Extensions>h;hh;hpp;hxx;h++;hm;inl;inc;ipp;xsd</Extensions>
    </Filter>
    <Filter Include="Resource Files">
      <UniqueIdentifier>{67DA6AB6-F800-4c08-8B7A-83BB121AAD01}</UniqueIdentifier>
      <Extensions>rc;ico;cur;bmp;dlg;rc2;rct;bin;rgs;gif;jpg;jpeg;jpe;resx;tiff;tif;png;wav;mfcribbon-ms</Extensions>
    </Filter>
    <Filter Include="Header Files\data_adaptor">
      <UniqueIdentifier>{8ac6bafd-7ee8-4dc1-b128-9a605129ef2e}</UniqueIdentifier>
    </Filter>
    <Filter Include="Source Files\data_adaptor">
      <UniqueIdentifier>{e937b9be-8561-45ab-9525-0a30502523ac}</UniqueIdentifier>
    </Filter>
    <Filter Include="Header Files\utils">
      <UniqueIdentifier>{80ae1f6a-6fe5-42f2-a516-696d2a04bb2b}</UniqueIdentifier>
    </Filter>
    <Filter Include="Source Files\utils">
      <UniqueIdentifier>{525ac517-4dae-4925-baf9-7efc7227c2a7}</UniqueIdentifier>
    </Filter>
  </ItemGroup>
  <ItemGroup>
    <ClCompile Include="src\cluster_test.cpp">
      <Filter>Source Files</Filter>
    </ClCompile>
    <ClCompile Include="src\cluster_data_adaptor.cpp">
      <Filter>Source Files\data_adaptor</Filter>
    </ClCompile>
    <ClCompile Include="..\utils\cluster.cpp">
      <Filter>Source Files\utils</Filter>
    </ClCompile>
    <ClCompile Include="..\utils\dirhelper.cpp">
      <Filter>Source Files\utils</Filter>
    </ClCompile>
  </ItemGroup>
  <ItemGroup>
    <ClInclude Include="..\DataAdaptor\src\data_adaptor.hpp">
      <Filter>Header Files\data_adaptor</Filter>
    </ClInclude>
    <ClInclude Include="src\image_data_adaptors\any_image_by_section.hpp">
      <Filter>Header Files\data_adaptor</Filter>
    </ClInclude>
    <ClInclude Include="..\utils\cluster.hpp">
      <Filter>Header Files\utils</Filter>
    </ClInclude>
    <ClInclude Include="..\utils\cluster_config.hpp">
      <Filter>Header Files\utils</Filter>
    </ClInclude>
    <ClInclude Include="..\utils\dirhelper.hpp">
      <Filter>Header Files\utils</Filter>
    </ClInclude>
  </ItemGroup>
</Project>