<?xml version="1.0" encoding="utf-8"?>
<Project ToolsVersion="4.0" xmlns="http://schemas.microsoft.com/developer/msbuild/2003">
  <ItemGroup>
    <Filter Include="Source Files">
      <UniqueIdentifier>{4FC737F1-C7A5-4376-A066-2A32D752A2FF}</UniqueIdentifier>
      <Extensions>cpp;c;cc;cxx;c++;cppm;ixx;def;odl;idl;hpj;bat;asm;asmx</Extensions>
    </Filter>
    <Filter Include="Header Files">
      <UniqueIdentifier>{93995380-89BD-4b04-88EB-625FBE52EBFB}</UniqueIdentifier>
      <Extensions>h;hh;hpp;hxx;h++;hm;inl;inc;ipp;xsd</Extensions>
    </Filter>
    <Filter Include="Resource Files">
      <UniqueIdentifier>{67DA6AB6-F800-4c08-8B7A-83BB121AAD01}</UniqueIdentifier>
      <Extensions>rc;ico;cur;bmp;dlg;rc2;rct;bin;rgs;gif;jpg;jpeg;jpe;resx;tiff;tif;png;wav;mfcribbon-ms</Extensions>
    </Filter>
    <Filter Include="Header Files\utils">
      <UniqueIdentifier>{09e4a7d2-a9ff-495e-8ac6-99f95f645385}</UniqueIdentifier>
    </Filter>
    <Filter Include="Source Files\utils">
      <UniqueIdentifier>{93b82098-e650-4c97-b2e4-e5bef0557885}</UniqueIdentifier>
    </Filter>
    <Filter Include="Header Files\adaptors">
      <UniqueIdentifier>{3c04b8db-da79-414b-8e27-a20d26cdb286}</UniqueIdentifier>
    </Filter>
    <Filter Include="Header Files\utils\libimage">
      <UniqueIdentifier>{36b1634a-b86a-4604-b226-409f78fd29ce}</UniqueIdentifier>
    </Filter>
    <Filter Include="Source Files\utils\libimage">
      <UniqueIdentifier>{0f52073f-ab8d-4585-9488-f0bfd12f24db}</UniqueIdentifier>
    </Filter>
  </ItemGroup>
  <ItemGroup>
    <ClInclude Include="src\data_adaptor.hpp">
      <Filter>Header Files</Filter>
    </ClInclude>
    <ClInclude Include="..\utils\dirhelper.hpp">
      <Filter>Header Files\utils</Filter>
    </ClInclude>
    <ClInclude Include="..\utils\test_dir.hpp">
      <Filter>Header Files\utils</Filter>
    </ClInclude>
    <ClInclude Include="src\adaptors\image_file_adaptor.hpp">
      <Filter>Header Files\adaptors</Filter>
    </ClInclude>
    <ClInclude Include="src\adaptors\adaptor_skeleton.hpp">
      <Filter>Header Files\adaptors</Filter>
    </ClInclude>
    <ClInclude Include="src\adaptors\count_black_pixels.hpp">
      <Filter>Header Files\adaptors</Filter>
    </ClInclude>
    <ClInclude Include="src\adaptors\image_sections.hpp">
      <Filter>Header Files\adaptors</Filter>
    </ClInclude>
    <ClInclude Include="..\utils\config_reader.hpp">
      <Filter>Header Files\utils</Filter>
    </ClInclude>
    <ClInclude Include="..\utils\libimage\image_view.hpp">
      <Filter>Header Files\utils\libimage</Filter>
    </ClInclude>
    <ClInclude Include="..\utils\libimage\libimage.hpp">
      <Filter>Header Files\utils\libimage</Filter>
    </ClInclude>
    <ClInclude Include="..\utils\libimage\libimage_algorithm.hpp">
      <Filter>Header Files\utils\libimage</Filter>
    </ClInclude>
    <ClInclude Include="..\utils\libimage\libimage_fs.hpp">
      <Filter>Header Files\utils\libimage</Filter>
    </ClInclude>
    <ClInclude Include="..\utils\libimage\stb_all.hpp">
      <Filter>Header Files\utils\libimage</Filter>
    </ClInclude>
    <ClInclude Include="..\utils\libimage\stb_image.h">
      <Filter>Header Files\utils\libimage</Filter>
    </ClInclude>
    <ClInclude Include="..\utils\libimage\stb_image_write.h">
      <Filter>Header Files\utils\libimage</Filter>
    </ClInclude>
    <ClInclude Include="..\utils\libimage\libimage_math_256.hpp">
      <Filter>Header Files\utils\libimage</Filter>
    </ClInclude>
  </ItemGroup>
  <ItemGroup>
    <ClCompile Include="..\utils\dirhelper.cpp">
      <Filter>Source Files\utils</Filter>
    </ClCompile>
    <ClCompile Include="src\data_adaptor_test.cpp">
      <Filter>Source Files</Filter>
    </ClCompile>
    <ClCompile Include="src\data_adaptor.cpp">
      <Filter>Source Files</Filter>
    </ClCompile>
    <ClCompile Include="..\utils\config_reader.cpp">
      <Filter>Source Files\utils</Filter>
    </ClCompile>
    <ClCompile Include="..\utils\libimage\libimage.cpp">
      <Filter>Source Files\utils\libimage</Filter>
    </ClCompile>
    <ClCompile Include="..\utils\libimage\libimage_math.cpp">
      <Filter>Source Files\utils\libimage</Filter>
    </ClCompile>
  </ItemGroup>
</Project>