<?xml version="1.0" encoding="utf-8"?>
<Project ToolsVersion="4.0" xmlns="http://schemas.microsoft.com/developer/msbuild/2003">
  <ItemGroup>
    <Filter Include="Source Files">
      <UniqueIdentifier>{4FC737F1-C7A5-4376-A066-2A32D752A2FF}</UniqueIdentifier>
      <Extensions>cpp;c;cc;cxx;c++;cppm;ixx;def;odl;idl;hpj;bat;asm;asmx</Extensions>
    </Filter>
    <Filter Include="Header Files">
      <UniqueIdentifier>{93995380-89BD-4b04-88EB-625FBE52EBFB}</UniqueIdentifier>
      <Extensions>h;hh;hpp;hxx;h++;hm;inl;inc;ipp;xsd</Extensions>
    </Filter>
    <Filter Include="Resource Files">
      <UniqueIdentifier>{67DA6AB6-F800-4c08-8B7A-83BB121AAD01}</UniqueIdentifier>
      <Extensions>rc;ico;cur;bmp;dlg;rc2;rct;bin;rgs;gif;jpg;jpeg;jpe;resx;tiff;tif;png;wav;mfcribbon-ms</Extensions>
    </Filter>
    <Filter Include="Header Files\utils">
      <UniqueIdentifier>{c113bb4e-099c-4f92-930d-cfe4602190c9}</UniqueIdentifier>
    </Filter>
    <Filter Include="Source Files\utils">
      <UniqueIdentifier>{7ec3ff1d-0c98-480c-b4ed-b141e161790a}</UniqueIdentifier>
    </Filter>
    <Filter Include="Header Files\data_adaptor">
      <UniqueIdentifier>{3b323346-4f92-41c9-9034-56ced898fd83}</UniqueIdentifier>
    </Filter>
    <Filter Include="Source Files\data_adaptor">
      <UniqueIdentifier>{d28188f5-7115-443b-b7d8-2303311c16d3}</UniqueIdentifier>
    </Filter>
    <Filter Include="Header Files\model_generator">
      <UniqueIdentifier>{9777554e-c291-41d4-9e08-6af660477bdc}</UniqueIdentifier>
    </Filter>
    <Filter Include="Source Files\model_generator">
      <UniqueIdentifier>{e8804858-1264-4289-85dd-e704ab523fdc}</UniqueIdentifier>
    </Filter>
    <Filter Include="Header Files\utils\libimage">
      <UniqueIdentifier>{5767869e-d338-4881-a5e3-72223a6c2fab}</UniqueIdentifier>
    </Filter>
    <Filter Include="Source Files\utils\libimage">
      <UniqueIdentifier>{aa0a1e1f-6fb1-4b30-a4d7-880517290207}</UniqueIdentifier>
    </Filter>
  </ItemGroup>
  <ItemGroup>
    <ClCompile Include="src\data_inspector_tests.cpp">
      <Filter>Source Files</Filter>
    </ClCompile>
    <ClCompile Include="src\data_inspector.cpp">
      <Filter>Source Files</Filter>
    </ClCompile>
    <ClCompile Include="..\utils\dirhelper.cpp">
      <Filter>Source Files\utils</Filter>
    </ClCompile>
    <ClCompile Include="..\utils\cluster.cpp">
      <Filter>Source Files\utils</Filter>
    </ClCompile>
    <ClCompile Include="..\ModelGenerator\src\pixel_conversion.cpp">
      <Filter>Source Files\model_generator</Filter>
    </ClCompile>
    <ClCompile Include="..\DataAdaptor\src\data_adaptor.cpp">
      <Filter>Source Files\data_adaptor</Filter>
    </ClCompile>
    <ClCompile Include="..\utils\config_reader.cpp">
      <Filter>Source Files\utils</Filter>
    </ClCompile>
    <ClCompile Include="..\utils\libimage\libimage.cpp">
      <Filter>Source Files\utils\libimage</Filter>
    </ClCompile>
    <ClCompile Include="..\utils\libimage\libimage_math.cpp">
      <Filter>Source Files\utils\libimage</Filter>
    </ClCompile>
  </ItemGroup>
  <ItemGroup>
    <ClInclude Include="src\data_inspector.hpp">
      <Filter>Header Files</Filter>
    </ClInclude>
    <ClInclude Include="..\utils\ml_class.hpp">
      <Filter>Header Files\utils</Filter>
    </ClInclude>
    <ClInclude Include="..\utils\dirhelper.hpp">
      <Filter>Header Files\utils</Filter>
    </ClInclude>
    <ClInclude Include="..\utils\libimage.hpp">
      <Filter>Header Files\utils</Filter>
    </ClInclude>
    <ClInclude Include="..\utils\cluster.hpp">
      <Filter>Header Files\utils</Filter>
    </ClInclude>
    <ClInclude Include="..\utils\cluster_config.hpp">
      <Filter>Header Files\utils</Filter>
    </ClInclude>
    <ClInclude Include="..\DataAdaptor\src\data_adaptor.hpp">
      <Filter>Header Files\data_adaptor</Filter>
    </ClInclude>
    <ClInclude Include="..\ModelGenerator\src\cluster_distance.hpp">
      <Filter>Header Files\model_generator</Filter>
    </ClInclude>
    <ClInclude Include="..\ModelGenerator\src\pixel_conversion.hpp">
      <Filter>Header Files\model_generator</Filter>
    </ClInclude>
    <ClInclude Include="..\utils\test_dir.hpp">
      <Filter>Header Files\utils</Filter>
    </ClInclude>
    <ClInclude Include="..\utils\config_reader.hpp">
      <Filter>Header Files\utils</Filter>
    </ClInclude>
    <ClInclude Include="..\utils\libimage\libimage.hpp">
      <Filter>Header Files\utils\libimage</Filter>
    </ClInclude>
    <ClInclude Include="..\utils\libimage\libimage_fs.hpp">
      <Filter>Header Files\utils\libimage</Filter>
    </ClInclude>
    <ClInclude Include="..\utils\libimage\stb_image.h">
      <Filter>Header Files\utils\libimage</Filter>
    </ClInclude>
    <ClInclude Include="..\utils\libimage\stb_image_resize.h">
      <Filter>Header Files\utils\libimage</Filter>
    </ClInclude>
    <ClInclude Include="..\utils\libimage\stb_image_write.h">
      <Filter>Header Files\utils\libimage</Filter>
    </ClInclude>
    <ClInclude Include="..\utils\libimage\libimage_math_256.hpp">
      <Filter>Header Files\utils\libimage</Filter>
    </ClInclude>
  </ItemGroup>
</Project>